
Microsoft Visual Studio Solution File, Format Version 12.00
# Visual Studio Version 17
VisualStudioVersion = 17.5.33516.290
MinimumVisualStudioVersion = 10.0.40219.1
Project("{FAE04EC0-301F-11D3-BF4B-00C04F79EFBC}") = "TravelExpertsGUI", "TravelExpertsGUI\TravelExpertsGUI.csproj", "{F4E96983-798A-4836-9107-9B5846FC9284}"
EndProject
Project("{FAE04EC0-301F-11D3-BF4B-00C04F79EFBC}") = "TravelExpertsData", "TravelExpertsData\TravelExpertsData.csproj", "{9CFFAC5D-AD46-4B4A-96B7-A3323C0209A0}"
EndProject
Global
	GlobalSection(SolutionConfigurationPlatforms) = preSolution
		Debug|Any CPU = Debug|Any CPU
		Release|Any CPU = Release|Any CPU
	EndGlobalSection
	GlobalSection(ProjectConfigurationPlatforms) = postSolution
		{F4E96983-798A-4836-9107-9B5846FC9284}.Debug|Any CPU.ActiveCfg = Debug|Any CPU
		{F4E96983-798A-4836-9107-9B5846FC9284}.Debug|Any CPU.Build.0 = Debug|Any CPU
		{F4E96983-798A-4836-9107-9B5846FC9284}.Release|Any CPU.ActiveCfg = Release|Any CPU
		{F4E96983-798A-4836-9107-9B5846FC9284}.Release|Any CPU.Build.0 = Release|Any CPU
		{9CFFAC5D-AD46-4B4A-96B7-A3323C0209A0}.Debug|Any CPU.ActiveCfg = Debug|Any CPU
		{9CFFAC5D-AD46-4B4A-96B7-A3323C0209A0}.Debug|Any CPU.Build.0 = Debug|Any CPU
		{9CFFAC5D-AD46-4B4A-96B7-A3323C0209A0}.Release|Any CPU.ActiveCfg = Release|Any CPU
		{9CFFAC5D-AD46-4B4A-96B7-A3323C0209A0}.Release|Any CPU.Build.0 = Release|Any CPU
	EndGlobalSection
	GlobalSection(SolutionProperties) = preSolution
		HideSolutionNode = FALSE
	EndGlobalSection
	GlobalSection(ExtensibilityGlobals) = postSolution
		SolutionGuid = {F485E8A5-9CB4-4D19-84A8-ED7B7FEBA9E1}
	EndGlobalSection
EndGlobal
